// !$*UTF8*$!
{
	archiveVersion = 1;
	classes = {
	};
	objectVersion = 46;
	objects = {

/* Begin PBXBuildFile section */
		49B3BE521EB8DDAD001D9787 /* AppDelegate.swift in Sources */ = {isa = PBXBuildFile; fileRef = 49B3BE511EB8DDAD001D9787 /* AppDelegate.swift */; };
		49B3BE541EB8DDAD001D9787 /* ViewController.swift in Sources */ = {isa = PBXBuildFile; fileRef = 49B3BE531EB8DDAD001D9787 /* ViewController.swift */; };
		49B3BE571EB8DDAD001D9787 /* Main.storyboard in Resources */ = {isa = PBXBuildFile; fileRef = 49B3BE551EB8DDAD001D9787 /* Main.storyboard */; };
		49B3BE591EB8DDAD001D9787 /* Assets.xcassets in Resources */ = {isa = PBXBuildFile; fileRef = 49B3BE581EB8DDAD001D9787 /* Assets.xcassets */; };
		49B3BE5C1EB8DDAD001D9787 /* LaunchScreen.storyboard in Resources */ = {isa = PBXBuildFile; fileRef = 49B3BE5A1EB8DDAD001D9787 /* LaunchScreen.storyboard */; };
/* End PBXBuildFile section */

/* Begin PBXFileReference section */
		49B3BE4E1EB8DDAD001D9787 /* Calculator.app */ = {isa = PBXFileReference; explicitFileType = wrapper.application; includeInIndex = 0; path = Calculator.app; sourceTree = BUILT_PRODUCTS_DIR; };
		49B3BE511EB8DDAD001D9787 /* AppDelegate.swift */ = {isa = PBXFileReference; lastKnownFileType = sourcecode.swift; path = AppDelegate.swift; sourceTree = "<group>"; };
		49B3BE531EB8DDAD001D9787 /* ViewController.swift */ = {isa = PBXFileReference; lastKnownFileType = sourcecode.swift; path = ViewController.swift; sourceTree = "<group>"; };
		49B3BE561EB8DDAD001D9787 /* Base */ = {isa = PBXFileReference; lastKnownFileType = file.storyboard; name = Base; path = Base.lproj/Main.storyboard; sourceTree = "<group>"; };
		49B3BE581EB8DDAD001D9787 /* Assets.xcassets */ = {isa = PBXFileReference; lastKnownFileType = folder.assetcatalog; path = Assets.xcassets; sourceTree = "<group>"; };
		49B3BE5B1EB8DDAD001D9787 /* Base */ = {isa = PBXFileReference; lastKnownFileType = file.storyboard; name = Base; path = Base.lproj/LaunchScreen.storyboard; sourceTree = "<group>"; };
		49B3BE5D1EB8DDAD001D9787 /* Info.plist */ = {isa = PBXFileReference; lastKnownFileType = text.plist.xml; path = Info.plist; sourceTree = "<group>"; };
/* End PBXFileReference section */

/* Begin PBXFrameworksBuildPhase section */
		49B3BE4B1EB8DDAD001D9787 /* Frameworks */ = {
			isa = PBXFrameworksBuildPhase;
			buildActionMask = 2147483647;
			files = (
			);
			runOnlyForDeploymentPostprocessing = 0;
		};
/* End PBXFrameworksBuildPhase section */

/* Begin PBXGroup section */
		49B3BE451EB8DDAD001D9787 = {
			isa = PBXGroup;
			children = (
				49B3BE501EB8DDAD001D9787 /* Calculator */,
				49B3BE4F1EB8DDAD001D9787 /* Products */,
			);
			sourceTree = "<group>";
		};
		49B3BE4F1EB8DDAD001D9787 /* Products */ = {
			isa = PBXGroup;
			children = (
				49B3BE4E1EB8DDAD001D9787 /* Calculator.app */,
			);
			name = Products;
			sourceTree = "<group>";
		};
		49B3BE501EB8DDAD001D9787 /* Calculator */ = {
			isa = PBXGroup;
			children = (
				49B3BE531EB8DDAD001D9787 /* ViewController.swift */,
				49B3BE551EB8DDAD001D9787 /* Main.storyboard */,
				49B3BE631EB8DE4E001D9787 /* Supporting Files */,
			);
			path = Calculator;
			sourceTree = "<group>";
		};
		49B3BE631EB8DE4E001D9787 /* Supporting Files */ = {
			isa = PBXGroup;
			children = (
				49B3BE511EB8DDAD001D9787 /* AppDelegate.swift */,
				49B3BE581EB8DDAD001D9787 /* Assets.xcassets */,
				49B3BE5A1EB8DDAD001D9787 /* LaunchScreen.storyboard */,
				49B3BE5D1EB8DDAD001D9787 /* Info.plist */,
			);
			name = "Supporting Files";
			sourceTree = "<group>";
		};
/* End PBXGroup section */

/* Begin PBXNativeTarget section */
		49B3BE4D1EB8DDAD001D9787 /* Calculator */ = {
			isa = PBXNativeTarget;
			buildConfigurationList = 49B3BE601EB8DDAD001D9787 /* Build configuration list for PBXNativeTarget "Calculator" */;
			buildPhases = (
				49B3BE4A1EB8DDAD001D9787 /* Sources */,
				49B3BE4B1EB8DDAD001D9787 /* Frameworks */,
				49B3BE4C1EB8DDAD001D9787 /* Resources */,
			);
			buildRules = (
			);
			dependencies = (
			);
			name = Calculator;
			productName = Calculator;
			productReference = 49B3BE4E1EB8DDAD001D9787 /* Calculator.app */;
			productType = "com.apple.product-type.application";
		};
/* End PBXNativeTarget section */

/* Begin PBXProject section */
		49B3BE461EB8DDAD001D9787 /* Project object */ = {
			isa = PBXProject;
			attributes = {
				LastSwiftUpdateCheck = 0830;
				LastUpgradeCheck = 0830;
				ORGANIZATIONNAME = "Prateek Jadhwani";
				TargetAttributes = {
					49B3BE4D1EB8DDAD001D9787 = {
						CreatedOnToolsVersion = 8.3.2;
						DevelopmentTeam = RFKY8QZ9E9;
						ProvisioningStyle = Automatic;
					};
				};
			};
			buildConfigurationList = 49B3BE491EB8DDAD001D9787 /* Build configuration list for PBXProject "Calculator" */;
			compatibilityVersion = "Xcode 3.2";
			developmentRegion = English;
			hasScannedForEncodings = 0;
			knownRegions = (
				en,
				Base,
			);
			mainGroup = 49B3BE451EB8DDAD001D9787;
			productRefGroup = 49B3BE4F1EB8DDAD001D9787 /* Products */;
			projectDirPath = "";
			projectRoot = "";
			targets = (
				49B3BE4D1EB8DDAD001D9787 /* Calculator */,
			);
		};
/* End PBXProject section */

/* Begin PBXResourcesBuildPhase section */
		49B3BE4C1EB8DDAD001D9787 /* Resources */ = {
			isa = PBXResourcesBuildPhase;
			buildActionMask = 2147483647;
			files = (
				49B3BE5C1EB8DDAD001D9787 /* LaunchScreen.storyboard in Resources */,
				49B3BE591EB8DDAD001D9787 /* Assets.xcassets in Resources */,
				49B3BE571EB8DDAD001D9787 /* Main.storyboard in Resources */,
			);
			runOnlyForDeploymentPostprocessing = 0;
		};
/* End PBXResourcesBuildPhase section */

/* Begin PBXSourcesBuildPhase section */
		49B3BE4A1EB8DDAD001D9787 /* Sources */ = {
			isa = PBXSourcesBuildPhase;
			buildActionMask = 2147483647;
			files = (
				49B3BE541EB8DDAD001D9787 /* ViewController.swift in Sources */,
				49B3BE521EB8DDAD001D9787 /* AppDelegate.swift in Sources */,
			);
			runOnlyForDeploymentPostprocessing = 0;
		};
/* End PBXSourcesBuildPhase section */

/* Begin PBXVariantGroup section */
		49B3BE551EB8DDAD001D9787 /* Main.storyboard */ = {
			isa = PBXVariantGroup;
			children = (
				49B3BE561EB8DDAD001D9787 /* Base */,
			);
			name = Main.storyboard;
			sourceTree = "<group>";
		};
		49B3BE5A1EB8DDAD001D9787 /* LaunchScreen.storyboard */ = {
			isa = PBXVariantGroup;
			children = (
				49B3BE5B1EB8DDAD001D9787 /* Base */,
			);
			name = LaunchScreen.storyboard;
			sourceTree = "<group>";
		};
/* End PBXVariantGroup section */

/* Begin XCBuildConfiguration section */
		49B3BE5E1EB8DDAD001D9787 /* Debug */ = {
			isa = XCBuildConfiguration;
			buildSettings = {
				ALWAYS_SEARCH_USER_PATHS = NO;
				CLANG_ANALYZER_NONNULL = YES;
				CLANG_ANALYZER_NUMBER_OBJECT_CONVERSION = YES_AGGRESSIVE;
				CLANG_CXX_LANGUAGE_STANDARD = "gnu++0x";
				CLANG_CXX_LIBRARY = "libc++";
				CLANG_ENABLE_MODULES = YES;
				CLANG_ENABLE_OBJC_ARC = YES;
				CLANG_WARN_BOOL_CONVERSION = YES;
				CLANG_WARN_CONSTANT_CONVERSION = YES;
				CLANG_WARN_DIRECT_OBJC_ISA_USAGE = YES_ERROR;
				CLANG_WARN_DOCUMENTATION_COMMENTS = YES;
				CLANG_WARN_EMPTY_BODY = YES;
				CLANG_WARN_ENUM_CONVERSION = YES;
				CLANG_WARN_INFINITE_RECURSION = YES;
				CLANG_WARN_INT_CONVERSION = YES;
				CLANG_WARN_OBJC_ROOT_CLASS = YES_ERROR;
				CLANG_WARN_SUSPICIOUS_MOVE = YES;
				CLANG_WARN_UNREACHABLE_CODE = YES;
				CLANG_WARN__DUPLICATE_METHOD_MATCH = YES;
				"CODE_SIGN_IDENTITY[sdk=iphoneos*]" = "iPhone Developer";
				COPY_PHASE_STRIP = NO;
				DEBUG_INFORMATION_FORMAT = dwarf;
				ENABLE_STRICT_OBJC_MSGSEND = YES;
				ENABLE_TESTABILITY = YES;
				GCC_C_LANGUAGE_STANDARD = gnu99;
				GCC_DYNAMIC_NO_PIC = NO;
				GCC_NO_COMMON_BLOCKS = YES;
				GCC_OPTIMIZATION_LEVEL = 0;
				GCC_PREPROCESSOR_DEFINITIONS = (
					"DEBUG=1",
					"$(inherited)",
				);
				GCC_WARN_64_TO_32_BIT_CONVERSION = YES;
				GCC_WARN_ABOUT_RETURN_TYPE = YES_ERROR;
				GCC_WARN_UNDECLARED_SELECTOR = YES;
				GCC_WARN_UNINITIALIZED_AUTOS = YES_AGGRESSIVE;
				GCC_WARN_UNUSED_FUNCTION = YES;
				GCC_WARN_UNUSED_VARIABLE = YES;
				IPHONEOS_DEPLOYMENT_TARGET = 10.3;
				MTL_ENABLE_DEBUG_INFO = YES;
				ONLY_ACTIVE_ARCH = YES;
				SDKROOT = iphoneos;
				SWIFT_ACTIVE_COMPILATION_CONDITIONS = DEBUG;
				SWIFT_OPTIMIZATION_LEVEL = "-Onone";
				TARGETED_DEVICE_FAMILY = "1,2";
			};
			name = Debug;
		};
		49B3BE5F1EB8DDAD001D9787 /* Release */ = {
			isa = XCBuildConfiguration;
			buildSettings = {
				ALWAYS_SEARCH_USER_PATHS = NO;
				CLANG_ANALYZER_NONNULL = YES;
				CLANG_ANALYZER_NUMBER_OBJECT_CONVERSION = YES_AGGRESSIVE;
				CLANG_CXX_LANGUAGE_STANDARD = "gnu++0x";
				CLANG_CXX_LIBRARY = "libc++";
				CLANG_ENABLE_MODULES = YES;
				CLANG_ENABLE_OBJC_ARC = YES;
				CLANG_WARN_BOOL_CONVERSION = YES;
				CLANG_WARN_CONSTANT_CONVERSION = YES;
				CLANG_WARN_DIRECT_OBJC_ISA_USAGE = YES_ERROR;
				CLANG_WARN_DOCUMENTATION_COMMENTS = YES;
				CLANG_WARN_EMPTY_BODY = YES;
				CLANG_WARN_ENUM_CONVERSION = YES;
				CLANG_WARN_INFINITE_RECURSION = YES;
				CLANG_WARN_INT_CONVERSION = YES;
				CLANG_WARN_OBJC_ROOT_CLASS = YES_ERROR;
				CLANG_WARN_SUSPICIOUS_MOVE = YES;
				CLANG_WARN_UNREACHABLE_CODE = YES;
				CLANG_WARN__DUPLICATE_METHOD_MATCH = YES;
				"CODE_SIGN_IDENTITY[sdk=iphoneos*]" = "iPhone Developer";
				COPY_PHASE_STRIP = NO;
				DEBUG_INFORMATION_FORMAT = "dwarf-with-dsym";
				ENABLE_NS_ASSERTIONS = NO;
				ENABLE_STRICT_OBJC_MSGSEND = YES;
				GCC_C_LANGUAGE_STANDARD = gnu99;
				GCC_NO_COMMON_BLOCKS = YES;
				GCC_WARN_64_TO_32_BIT_CONVERSION = YES;
				GCC_WARN_ABOUT_RETURN_TYPE = YES_ERROR;
				GCC_WARN_UNDECLARED_SELECTOR = YES;
				GCC_WARN_UNINITIALIZED_AUTOS = YES_AGGRESSIVE;
				GCC_WARN_UNUSED_FUNCTION = YES;
				GCC_WARN_UNUSED_VARIABLE = YES;
				IPHONEOS_DEPLOYMENT_TARGET = 10.3;
				MTL_ENABLE_DEBUG_INFO = NO;
				SDKROOT = iphoneos;
				SWIFT_OPTIMIZATION_LEVEL = "-Owholemodule";
				TARGETED_DEVICE_FAMILY = "1,2";
				VALIDATE_PRODUCT = YES;
			};
			name = Release;
		};
		49B3BE611EB8DDAD001D9787 /* Debug */ = {
			isa = XCBuildConfiguration;
			buildSettings = {
				ASSETCATALOG_COMPILER_APPICON_NAME = AppIcon;
				DEVELOPMENT_TEAM = RFKY8QZ9E9;
				INFOPLIST_FILE = Calculator/Info.plist;
				LD_RUNPATH_SEARCH_PATHS = "$(inherited) @executable_path/Frameworks";
				PRODUCT_BUNDLE_IDENTIFIER = com.prateekjadhwani.Calculator;
				PRODUCT_NAME = "$(TARGET_NAME)";
				SWIFT_VERSION = 3.0;
			};
			name = Debug;
		};
		49B3BE621EB8DDAD001D9787 /* Release */ = {
			isa = XCBuildConfiguration;
			buildSettings = {
				ASSETCATALOG_COMPILER_APPICON_NAME = AppIcon;
				DEVELOPMENT_TEAM = RFKY8QZ9E9;
				INFOPLIST_FILE = Calculator/Info.plist;
				LD_RUNPATH_SEARCH_PATHS = "$(inherited) @executable_path/Frameworks";
				PRODUCT_BUNDLE_IDENTIFIER = com.prateekjadhwani.Calculator;
				PRODUCT_NAME = "$(TARGET_NAME)";
				SWIFT_VERSION = 3.0;
			};
			name = Release;
		};
/* End XCBuildConfiguration section */

/* Begin XCConfigurationList section */
		49B3BE491EB8DDAD001D9787 /* Build configuration list for PBXProject "Calculator" */ = {
			isa = XCConfigurationList;
			buildConfigurations = (
				49B3BE5E1EB8DDAD001D9787 /* Debug */,
				49B3BE5F1EB8DDAD001D9787 /* Release */,
			);
			defaultConfigurationIsVisible = 0;
			defaultConfigurationName = Release;
		};
		49B3BE601EB8DDAD001D9787 /* Build configuration list for PBXNativeTarget "Calculator" */ = {
			isa = XCConfigurationList;
			buildConfigurations = (
				49B3BE611EB8DDAD001D9787 /* Debug */,
				49B3BE621EB8DDAD001D9787 /* Release */,
			);
			defaultConfigurationIsVisible = 0;
		};
/* End XCConfigurationList section */
	};
	rootObject = 49B3BE461EB8DDAD001D9787 /* Project object */;
}
